
Microsoft Visual Studio Solution File, Format Version 12.00
# Visual Studio Version 17
VisualStudioVersion = 17.3.32819.101
MinimumVisualStudioVersion = 10.0.40219.1
Project("{9A19103F-16F7-4668-BE54-9A1E7A4F7556}") = "AppCitas.Service", "AppCitas.Service.csproj", "{65122AE6-F21E-4ED4-8692-C743EADC562D}"
EndProject
Project("{FAE04EC0-301F-11D3-BF4B-00C04F79EFBC}") = "AppCitas.UnitTests", "..\AppCitas.UnitTests\AppCitas.UnitTests.csproj", "{1E739810-6407-4F55-A69F-6B5353343B2B}"
EndProject
Global
	GlobalSection(SolutionConfigurationPlatforms) = preSolution
		Debug|Any CPU = Debug|Any CPU
		Release|Any CPU = Release|Any CPU
	EndGlobalSection
	GlobalSection(ProjectConfigurationPlatforms) = postSolution
		{65122AE6-F21E-4ED4-8692-C743EADC562D}.Debug|Any CPU.ActiveCfg = Debug|Any CPU
		{65122AE6-F21E-4ED4-8692-C743EADC562D}.Debug|Any CPU.Build.0 = Debug|Any CPU
		{65122AE6-F21E-4ED4-8692-C743EADC562D}.Release|Any CPU.ActiveCfg = Release|Any CPU
		{65122AE6-F21E-4ED4-8692-C743EADC562D}.Release|Any CPU.Build.0 = Release|Any CPU
		{1E739810-6407-4F55-A69F-6B5353343B2B}.Debug|Any CPU.ActiveCfg = Debug|Any CPU
		{1E739810-6407-4F55-A69F-6B5353343B2B}.Debug|Any CPU.Build.0 = Debug|Any CPU
		{1E739810-6407-4F55-A69F-6B5353343B2B}.Release|Any CPU.ActiveCfg = Release|Any CPU
		{1E739810-6407-4F55-A69F-6B5353343B2B}.Release|Any CPU.Build.0 = Release|Any CPU
	EndGlobalSection
	GlobalSection(SolutionProperties) = preSolution
		HideSolutionNode = FALSE
	EndGlobalSection
	GlobalSection(ExtensibilityGlobals) = postSolution
		SolutionGuid = {BCD97805-00BE-4EF3-ACC3-A3456063FA68}
	EndGlobalSection
EndGlobal
